{
  "version": 4,
  "terraform_version": "1.12.2",
  "serial": 50,
  "lineage": "f854f2c9-da67-09bb-53a9-012c074ff400",
  "outputs": {},
  "resources": [
    {
      "mode": "data",
      "type": "yandex_compute_image",
      "name": "ubuntu_2204_lts",
      "provider": "provider[\"registry.terraform.io/yandex-cloud/yandex\"]",
      "instances": [
        {
          "schema_version": 0,
          "attributes": {
            "created_at": "2025-08-11T11:05:25Z",
            "description": "Ubuntu 22.04 lts v20250808030218",
            "family": "ubuntu-2204-lts",
            "folder_id": "standard-images",
            "hardware_generation": [
              {
                "generation2_features": [],
                "legacy_features": [
                  {
                    "pci_topology": "PCI_TOPOLOGY_V2"
                  }
                ]
              }
            ],
            "id": "fd8tintsvhoqfedvac5h",
            "image_id": "fd8tintsvhoqfedvac5h",
            "kms_key_id": null,
            "labels": {
              "version": "20250808030218"
            },
            "min_disk_size": 8,
            "name": "ubuntu-22-04-lts-v20250811",
            "os_type": "linux",
            "pooled": true,
            "product_ids": [
              "f2ea25771m1p44f8hlr7"
            ],
            "size": 2,
            "status": "ready"
          },
          "sensitive_attributes": [],
          "identity_schema_version": 0
        }
      ]
    },
    {
      "mode": "managed",
      "type": "local_file",
      "name": "inventory",
      "provider": "provider[\"registry.terraform.io/hashicorp/local\"]",
      "instances": [
        {
          "schema_version": 0,
          "attributes": {
            "content": "[bastion]\r\n158.160.42.90\r\n\r\n[webservers]\r\n10.1.0.35\r\n10.2.0.29\r\n[webservers:vars]\r\nansible_ssh_common_args='-o ProxyCommand=\"ssh -p 22 -W %h:%p -q user@158.160.42.90\"'\r\n",
            "content_base64": null,
            "content_base64sha256": "/jo6iYcEsYqH5r4l35ONSuJFDkrdeP206LRltbYZqVc=",
            "content_base64sha512": "wQ8qOG+efe5s+iQ6Ad6gYik/rGiFh4mBfNGvSUZttvizusJmi86DVBqtX8Chpw/JdVS/Sc+HjVPAKc5fMTQ5+g==",
            "content_md5": "7a2fd93a97c83917686f22c69c14da12",
            "content_sha1": "5c75ddac9c6a250ed723296fff7a44b5790e135d",
            "content_sha256": "fe3a3a898704b18a87e6be25df938d4ae2450e4add78fdb4e8b465b5b619a957",
            "content_sha512": "c10f2a386f9e7dee6cfa243a01dea062293fac68858789817cd1af49466db6f8b3bac2668bce83541aad5fc0a1a70fc97554bf49cf878d53c029ce5f313439fa",
            "directory_permission": "0777",
            "file_permission": "0777",
            "filename": "./hosts.ini",
            "id": "5c75ddac9c6a250ed723296fff7a44b5790e135d",
            "sensitive_content": null,
            "source": null
          },
          "sensitive_attributes": [
            [
              {
                "type": "get_attr",
                "value": "sensitive_content"
              }
            ]
          ],
          "identity_schema_version": 0,
          "dependencies": [
            "data.yandex_compute_image.ubuntu_2204_lts",
            "yandex_compute_instance.bastion",
            "yandex_compute_instance.web_a",
            "yandex_compute_instance.web_b",
            "yandex_vpc_gateway.nat_gateway",
            "yandex_vpc_network.test_network",
            "yandex_vpc_route_table.rt",
            "yandex_vpc_security_group.LAN",
            "yandex_vpc_security_group.bastion",
            "yandex_vpc_security_group.web_sg",
            "yandex_vpc_subnet.subnet_a",
            "yandex_vpc_subnet.subnet_b"
          ]
        }
      ]
    },
    {
      "mode": "managed",
      "type": "yandex_compute_instance",
      "name": "bastion",
      "provider": "provider[\"registry.terraform.io/yandex-cloud/yandex\"]",
      "instances": [
        {
          "schema_version": 1,
          "attributes": {
            "allow_recreate": null,
            "allow_stopping_for_update": null,
            "boot_disk": [
              {
                "auto_delete": true,
                "device_name": "fhmvcua0ji9fl5ob40pf",
                "disk_id": "fhmvcua0ji9fl5ob40pf",
                "initialize_params": [
                  {
                    "block_size": 4096,
                    "description": "",
                    "image_id": "fd8tintsvhoqfedvac5h",
                    "kms_key_id": "",
                    "name": "",
                    "size": 10,
                    "snapshot_id": "",
                    "type": "network-hdd"
                  }
                ],
                "mode": "READ_WRITE"
              }
            ],
            "created_at": "2025-08-13T10:14:35Z",
            "description": "",
            "filesystem": [],
            "folder_id": "b1grgkmbs0m2tagbe8lg",
            "fqdn": "bastion.ru-central1.internal",
            "gpu_cluster_id": "",
            "hardware_generation": [
              {
                "generation2_features": [],
                "legacy_features": [
                  {
                    "pci_topology": "PCI_TOPOLOGY_V2"
                  }
                ]
              }
            ],
            "hostname": "bastion",
            "id": "fhm42cpsjcuj6bqnp2fq",
            "labels": null,
            "local_disk": [],
            "maintenance_grace_period": "",
            "maintenance_policy": null,
            "metadata": {
              "serial-port-enable": "1",
              "user-data": "#cloud-config\nusers:\n  - name: user\n    groups: sudo\n    shell: /bin/bash\n    sudo: [\"ALL=(ALL) NOPASSWD:ALL\"]\n    ssh_authorized_keys:\n      - ssh-ed25519 AAAAC3NzaC1lZDI1NTE5AAAAIMNPGyB0jwD/j3RiUdjAM25Pd3mK9Ps9Dvpc4iQ3wo1k udjin@webinar\n      - ssh-ed25519 AAAAC3NzaC1lZDI1NTE5AAAAIMFZIA+gjis4fqHI7iGmugvu+CG46e23CUgqt3PiqZUW presdes@ya.ru\n"
            },
            "metadata_options": [
              {
                "aws_v1_http_endpoint": 1,
                "aws_v1_http_token": 2,
                "gce_http_endpoint": 1,
                "gce_http_token": 1
              }
            ],
            "name": "bastion",
            "network_acceleration_type": "standard",
            "network_interface": [
              {
                "dns_record": [],
                "index": 0,
                "ip_address": "10.1.0.20",
                "ipv4": true,
                "ipv6": false,
                "ipv6_address": "",
                "ipv6_dns_record": [],
                "mac_address": "d0:0d:41:33:3c:9b",
                "nat": true,
                "nat_dns_record": [],
                "nat_ip_address": "158.160.42.90",
                "nat_ip_version": "IPV4",
                "security_group_ids": [
                  "enp03t5qgmn22p44ffs4",
                  "enp8nnvokdkcukd6dkal"
                ],
                "subnet_id": "e9bvqrsvuur70avbho6t"
              }
            ],
            "placement_policy": [
              {
                "host_affinity_rules": [],
                "placement_group_id": "",
                "placement_group_partition": 0
              }
            ],
            "platform_id": "standard-v3",
            "resources": [
              {
                "core_fraction": 20,
                "cores": 2,
                "gpus": 0,
                "memory": 1
              }
            ],
            "scheduling_policy": [
              {
                "preemptible": true
              }
            ],
            "secondary_disk": [],
            "service_account_id": "",
            "status": "running",
            "timeouts": null,
            "zone": "ru-central1-a"
          },
          "sensitive_attributes": [],
          "identity_schema_version": 0,
          "private": "eyJlMmJmYjczMC1lY2FhLTExZTYtOGY4OC0zNDM2M2JjN2M0YzAiOnsiY3JlYXRlIjozMDAwMDAwMDAwMDAsImRlbGV0ZSI6MzAwMDAwMDAwMDAwLCJ1cGRhdGUiOjMwMDAwMDAwMDAwMH0sInNjaGVtYV92ZXJzaW9uIjoiMSJ9",
          "dependencies": [
            "data.yandex_compute_image.ubuntu_2204_lts",
            "yandex_vpc_gateway.nat_gateway",
            "yandex_vpc_network.test_network",
            "yandex_vpc_route_table.rt",
            "yandex_vpc_security_group.LAN",
            "yandex_vpc_security_group.bastion",
            "yandex_vpc_subnet.subnet_a"
          ]
        }
      ]
    },
    {
      "mode": "managed",
      "type": "yandex_compute_instance",
      "name": "web_a",
      "provider": "provider[\"registry.terraform.io/yandex-cloud/yandex\"]",
      "instances": [
        {
          "schema_version": 1,
          "attributes": {
            "allow_recreate": null,
            "allow_stopping_for_update": null,
            "boot_disk": [
              {
                "auto_delete": true,
                "device_name": "fhmj6mv8dkbb6t1lrctu",
                "disk_id": "fhmj6mv8dkbb6t1lrctu",
                "initialize_params": [
                  {
                    "block_size": 4096,
                    "description": "",
                    "image_id": "fd8tintsvhoqfedvac5h",
                    "kms_key_id": "",
                    "name": "",
                    "size": 10,
                    "snapshot_id": "",
                    "type": "network-hdd"
                  }
                ],
                "mode": "READ_WRITE"
              }
            ],
            "created_at": "2025-08-13T10:14:33Z",
            "description": "",
            "filesystem": [],
            "folder_id": "b1grgkmbs0m2tagbe8lg",
            "fqdn": "web-a.ru-central1.internal",
            "gpu_cluster_id": "",
            "hardware_generation": [
              {
                "generation2_features": [],
                "legacy_features": [
                  {
                    "pci_topology": "PCI_TOPOLOGY_V2"
                  }
                ]
              }
            ],
            "hostname": "web-a",
            "id": "fhmmh40c7otn61t0r6il",
            "labels": null,
            "local_disk": [],
            "maintenance_grace_period": "",
            "maintenance_policy": null,
            "metadata": {
              "serial-port-enable": "1",
              "user-data": "#cloud-config\nusers:\n  - name: user\n    groups: sudo\n    shell: /bin/bash\n    sudo: [\"ALL=(ALL) NOPASSWD:ALL\"]\n    ssh_authorized_keys:\n      - ssh-ed25519 AAAAC3NzaC1lZDI1NTE5AAAAIMNPGyB0jwD/j3RiUdjAM25Pd3mK9Ps9Dvpc4iQ3wo1k udjin@webinar\n      - ssh-ed25519 AAAAC3NzaC1lZDI1NTE5AAAAIMFZIA+gjis4fqHI7iGmugvu+CG46e23CUgqt3PiqZUW presdes@ya.ru\n"
            },
            "metadata_options": [
              {
                "aws_v1_http_endpoint": 1,
                "aws_v1_http_token": 2,
                "gce_http_endpoint": 1,
                "gce_http_token": 1
              }
            ],
            "name": "web-a",
            "network_acceleration_type": "standard",
            "network_interface": [
              {
                "dns_record": [],
                "index": 0,
                "ip_address": "10.1.0.35",
                "ipv4": true,
                "ipv6": false,
                "ipv6_address": "",
                "ipv6_dns_record": [],
                "mac_address": "d0:0d:16:89:00:c3",
                "nat": false,
                "nat_dns_record": [],
                "nat_ip_address": "",
                "nat_ip_version": "",
                "security_group_ids": [
                  "enp8nnvokdkcukd6dkal",
                  "enphf8g4iencobs3to5q"
                ],
                "subnet_id": "e9bvqrsvuur70avbho6t"
              }
            ],
            "placement_policy": [
              {
                "host_affinity_rules": [],
                "placement_group_id": "",
                "placement_group_partition": 0
              }
            ],
            "platform_id": "standard-v3",
            "resources": [
              {
                "core_fraction": 20,
                "cores": 2,
                "gpus": 0,
                "memory": 1
              }
            ],
            "scheduling_policy": [
              {
                "preemptible": true
              }
            ],
            "secondary_disk": [],
            "service_account_id": "",
            "status": "running",
            "timeouts": null,
            "zone": "ru-central1-a"
          },
          "sensitive_attributes": [],
          "identity_schema_version": 0,
          "private": "eyJlMmJmYjczMC1lY2FhLTExZTYtOGY4OC0zNDM2M2JjN2M0YzAiOnsiY3JlYXRlIjozMDAwMDAwMDAwMDAsImRlbGV0ZSI6MzAwMDAwMDAwMDAwLCJ1cGRhdGUiOjMwMDAwMDAwMDAwMH0sInNjaGVtYV92ZXJzaW9uIjoiMSJ9",
          "dependencies": [
            "data.yandex_compute_image.ubuntu_2204_lts",
            "yandex_vpc_gateway.nat_gateway",
            "yandex_vpc_network.test_network",
            "yandex_vpc_route_table.rt",
            "yandex_vpc_security_group.LAN",
            "yandex_vpc_security_group.web_sg",
            "yandex_vpc_subnet.subnet_a"
          ]
        }
      ]
    },
    {
      "mode": "managed",
      "type": "yandex_compute_instance",
      "name": "web_b",
      "provider": "provider[\"registry.terraform.io/yandex-cloud/yandex\"]",
      "instances": [
        {
          "schema_version": 1,
          "attributes": {
            "allow_recreate": null,
            "allow_stopping_for_update": null,
            "boot_disk": [
              {
                "auto_delete": true,
                "device_name": "epd9o28ascct45enqerh",
                "disk_id": "epd9o28ascct45enqerh",
                "initialize_params": [
                  {
                    "block_size": 4096,
                    "description": "",
                    "image_id": "fd8tintsvhoqfedvac5h",
                    "kms_key_id": "",
                    "name": "",
                    "size": 10,
                    "snapshot_id": "",
                    "type": "network-hdd"
                  }
                ],
                "mode": "READ_WRITE"
              }
            ],
            "created_at": "2025-08-13T10:14:33Z",
            "description": "",
            "filesystem": [],
            "folder_id": "b1grgkmbs0m2tagbe8lg",
            "fqdn": "web-b.ru-central1.internal",
            "gpu_cluster_id": "",
            "hardware_generation": [
              {
                "generation2_features": [],
                "legacy_features": [
                  {
                    "pci_topology": "PCI_TOPOLOGY_V2"
                  }
                ]
              }
            ],
            "hostname": "web-b",
            "id": "epdrlvhj6glo4o1obq3a",
            "labels": null,
            "local_disk": [],
            "maintenance_grace_period": "",
            "maintenance_policy": null,
            "metadata": {
              "serial-port-enable": "1",
              "user-data": "#cloud-config\nusers:\n  - name: user\n    groups: sudo\n    shell: /bin/bash\n    sudo: [\"ALL=(ALL) NOPASSWD:ALL\"]\n    ssh_authorized_keys:\n      - ssh-ed25519 AAAAC3NzaC1lZDI1NTE5AAAAIMNPGyB0jwD/j3RiUdjAM25Pd3mK9Ps9Dvpc4iQ3wo1k udjin@webinar\n      - ssh-ed25519 AAAAC3NzaC1lZDI1NTE5AAAAIMFZIA+gjis4fqHI7iGmugvu+CG46e23CUgqt3PiqZUW presdes@ya.ru\n"
            },
            "metadata_options": [
              {
                "aws_v1_http_endpoint": 1,
                "aws_v1_http_token": 2,
                "gce_http_endpoint": 1,
                "gce_http_token": 1
              }
            ],
            "name": "web-b",
            "network_acceleration_type": "standard",
            "network_interface": [
              {
                "dns_record": [],
                "index": 0,
                "ip_address": "10.2.0.29",
                "ipv4": true,
                "ipv6": false,
                "ipv6_address": "",
                "ipv6_dns_record": [],
                "mac_address": "d0:0d:1b:af:e3:33",
                "nat": false,
                "nat_dns_record": [],
                "nat_ip_address": "",
                "nat_ip_version": "",
                "security_group_ids": [
                  "enp8nnvokdkcukd6dkal",
                  "enphf8g4iencobs3to5q"
                ],
                "subnet_id": "e2ld5esm54m3jcegob5l"
              }
            ],
            "placement_policy": [
              {
                "host_affinity_rules": [],
                "placement_group_id": "",
                "placement_group_partition": 0
              }
            ],
            "platform_id": "standard-v3",
            "resources": [
              {
                "core_fraction": 20,
                "cores": 2,
                "gpus": 0,
                "memory": 1
              }
            ],
            "scheduling_policy": [
              {
                "preemptible": true
              }
            ],
            "secondary_disk": [],
            "service_account_id": "",
            "status": "running",
            "timeouts": null,
            "zone": "ru-central1-b"
          },
          "sensitive_attributes": [],
          "identity_schema_version": 0,
          "private": "eyJlMmJmYjczMC1lY2FhLTExZTYtOGY4OC0zNDM2M2JjN2M0YzAiOnsiY3JlYXRlIjozMDAwMDAwMDAwMDAsImRlbGV0ZSI6MzAwMDAwMDAwMDAwLCJ1cGRhdGUiOjMwMDAwMDAwMDAwMH0sInNjaGVtYV92ZXJzaW9uIjoiMSJ9",
          "dependencies": [
            "data.yandex_compute_image.ubuntu_2204_lts",
            "yandex_vpc_gateway.nat_gateway",
            "yandex_vpc_network.test_network",
            "yandex_vpc_route_table.rt",
            "yandex_vpc_security_group.LAN",
            "yandex_vpc_security_group.web_sg",
            "yandex_vpc_subnet.subnet_b"
          ]
        }
      ]
    },
    {
      "mode": "managed",
      "type": "yandex_vpc_gateway",
      "name": "nat_gateway",
      "provider": "provider[\"registry.terraform.io/yandex-cloud/yandex\"]",
      "instances": [
        {
          "schema_version": 0,
          "attributes": {
            "created_at": "2025-08-13T10:14:26Z",
            "description": "",
            "folder_id": "b1grgkmbs0m2tagbe8lg",
            "id": "enpkq1qcfirvd0tfrrva",
            "labels": {},
            "name": "fops-gateway-11-08",
            "shared_egress_gateway": [
              {}
            ],
            "timeouts": null
          },
          "sensitive_attributes": [],
          "identity_schema_version": 0,
          "private": "eyJlMmJmYjczMC1lY2FhLTExZTYtOGY4OC0zNDM2M2JjN2M0YzAiOnsiY3JlYXRlIjo2MDAwMDAwMDAwMCwiZGVsZXRlIjo2MDAwMDAwMDAwMCwidXBkYXRlIjo2MDAwMDAwMDAwMH19"
        }
      ]
    },
    {
      "mode": "managed",
      "type": "yandex_vpc_network",
      "name": "test_network",
      "provider": "provider[\"registry.terraform.io/yandex-cloud/yandex\"]",
      "instances": [
        {
          "schema_version": 0,
          "attributes": {
            "created_at": "2025-08-13T10:14:26Z",
            "default_security_group_id": "enpebfg0nucgt2il47pe",
            "description": "",
            "folder_id": "b1grgkmbs0m2tagbe8lg",
            "id": "enpv1ltrf4si7ncbgcpp",
            "labels": {},
            "name": "test-network",
            "subnet_ids": [],
            "timeouts": null
          },
          "sensitive_attributes": [],
          "identity_schema_version": 0,
          "private": "eyJlMmJmYjczMC1lY2FhLTExZTYtOGY4OC0zNDM2M2JjN2M0YzAiOnsiY3JlYXRlIjo2MDAwMDAwMDAwMCwiZGVsZXRlIjo2MDAwMDAwMDAwMCwidXBkYXRlIjo2MDAwMDAwMDAwMH19"
        }
      ]
    },
    {
      "mode": "managed",
      "type": "yandex_vpc_route_table",
      "name": "rt",
      "provider": "provider[\"registry.terraform.io/yandex-cloud/yandex\"]",
      "instances": [
        {
          "schema_version": 0,
          "attributes": {
            "created_at": "2025-08-13T10:14:28Z",
            "description": "",
            "folder_id": "b1grgkmbs0m2tagbe8lg",
            "id": "enp1pobr28mve5ssfqs6",
            "labels": {},
            "name": "fops-route-table-11-08",
            "network_id": "enpv1ltrf4si7ncbgcpp",
            "static_route": [
              {
                "destination_prefix": "0.0.0.0/0",
                "gateway_id": "enpkq1qcfirvd0tfrrva",
                "next_hop_address": ""
              }
            ],
            "timeouts": null
          },
          "sensitive_attributes": [],
          "identity_schema_version": 0,
          "private": "eyJlMmJmYjczMC1lY2FhLTExZTYtOGY4OC0zNDM2M2JjN2M0YzAiOnsiY3JlYXRlIjoxODAwMDAwMDAwMDAsImRlbGV0ZSI6MTgwMDAwMDAwMDAwLCJ1cGRhdGUiOjE4MDAwMDAwMDAwMH19",
          "dependencies": [
            "yandex_vpc_gateway.nat_gateway",
            "yandex_vpc_network.test_network"
          ]
        }
      ]
    },
    {
      "mode": "managed",
      "type": "yandex_vpc_security_group",
      "name": "LAN",
      "provider": "provider[\"registry.terraform.io/yandex-cloud/yandex\"]",
      "instances": [
        {
          "schema_version": 0,
          "attributes": {
            "created_at": "2025-08-13T10:14:29Z",
            "description": "",
            "egress": [
              {
                "description": "Permit ANY",
                "from_port": 0,
                "id": "enprvmc65ol5hrba5i9v",
                "labels": {},
                "port": -1,
                "predefined_target": "",
                "protocol": "ANY",
                "security_group_id": "",
                "to_port": 65535,
                "v4_cidr_blocks": [
                  "0.0.0.0/0"
                ],
                "v6_cidr_blocks": []
              }
            ],
            "folder_id": "b1grgkmbs0m2tagbe8lg",
            "id": "enp8nnvokdkcukd6dkal",
            "ingress": [
              {
                "description": "Allow 10.0.0.0/8",
                "from_port": 0,
                "id": "enppavgt63ib92vm83h9",
                "labels": {},
                "port": -1,
                "predefined_target": "",
                "protocol": "ANY",
                "security_group_id": "",
                "to_port": 65535,
                "v4_cidr_blocks": [
                  "10.0.0.0/8"
                ],
                "v6_cidr_blocks": []
              }
            ],
            "labels": {},
            "name": "LAN-sg-11-08",
            "network_id": "enpv1ltrf4si7ncbgcpp",
            "status": "ACTIVE",
            "timeouts": null
          },
          "sensitive_attributes": [],
          "identity_schema_version": 0,
          "private": "eyJlMmJmYjczMC1lY2FhLTExZTYtOGY4OC0zNDM2M2JjN2M0YzAiOnsiY3JlYXRlIjoxODAwMDAwMDAwMDAsImRlbGV0ZSI6MTgwMDAwMDAwMDAwLCJ1cGRhdGUiOjE4MDAwMDAwMDAwMH19",
          "dependencies": [
            "yandex_vpc_network.test_network"
          ]
        }
      ]
    },
    {
      "mode": "managed",
      "type": "yandex_vpc_security_group",
      "name": "bastion",
      "provider": "provider[\"registry.terraform.io/yandex-cloud/yandex\"]",
      "instances": [
        {
          "schema_version": 0,
          "attributes": {
            "created_at": "2025-08-13T10:14:34Z",
            "description": "",
            "egress": [
              {
                "description": "Permit ANY",
                "from_port": 0,
                "id": "enppiu2aaenosbhjiltc",
                "labels": {},
                "port": -1,
                "predefined_target": "",
                "protocol": "ANY",
                "security_group_id": "",
                "to_port": 65535,
                "v4_cidr_blocks": [
                  "0.0.0.0/0"
                ],
                "v6_cidr_blocks": []
              }
            ],
            "folder_id": "b1grgkmbs0m2tagbe8lg",
            "id": "enp03t5qgmn22p44ffs4",
            "ingress": [
              {
                "description": "Allow 0.0.0.0/0",
                "from_port": -1,
                "id": "enplnc8mntrabsj8qevd",
                "labels": {},
                "port": 22,
                "predefined_target": "",
                "protocol": "TCP",
                "security_group_id": "",
                "to_port": -1,
                "v4_cidr_blocks": [
                  "0.0.0.0/0"
                ],
                "v6_cidr_blocks": []
              }
            ],
            "labels": {},
            "name": "bastion-sg-11-08",
            "network_id": "enpv1ltrf4si7ncbgcpp",
            "status": "ACTIVE",
            "timeouts": null
          },
          "sensitive_attributes": [],
          "identity_schema_version": 0,
          "private": "eyJlMmJmYjczMC1lY2FhLTExZTYtOGY4OC0zNDM2M2JjN2M0YzAiOnsiY3JlYXRlIjoxODAwMDAwMDAwMDAsImRlbGV0ZSI6MTgwMDAwMDAwMDAwLCJ1cGRhdGUiOjE4MDAwMDAwMDAwMH19",
          "dependencies": [
            "yandex_vpc_network.test_network"
          ]
        }
      ]
    },
    {
      "mode": "managed",
      "type": "yandex_vpc_security_group",
      "name": "web_sg",
      "provider": "provider[\"registry.terraform.io/yandex-cloud/yandex\"]",
      "instances": [
        {
          "schema_version": 0,
          "attributes": {
            "created_at": "2025-08-13T10:14:32Z",
            "description": "",
            "egress": [],
            "folder_id": "b1grgkmbs0m2tagbe8lg",
            "id": "enphf8g4iencobs3to5q",
            "ingress": [
              {
                "description": "Allow HTTP",
                "from_port": -1,
                "id": "enpfldqk95dm9grr056o",
                "labels": {},
                "port": 80,
                "predefined_target": "",
                "protocol": "TCP",
                "security_group_id": "",
                "to_port": -1,
                "v4_cidr_blocks": [
                  "0.0.0.0/0"
                ],
                "v6_cidr_blocks": []
              },
              {
                "description": "Allow HTTPS",
                "from_port": -1,
                "id": "enpfj0gkb0f0smjsa551",
                "labels": {},
                "port": 443,
                "predefined_target": "",
                "protocol": "TCP",
                "security_group_id": "",
                "to_port": -1,
                "v4_cidr_blocks": [
                  "0.0.0.0/0"
                ],
                "v6_cidr_blocks": []
              }
            ],
            "labels": {},
            "name": "web-sg-11-08",
            "network_id": "enpv1ltrf4si7ncbgcpp",
            "status": "ACTIVE",
            "timeouts": null
          },
          "sensitive_attributes": [],
          "identity_schema_version": 0,
          "private": "eyJlMmJmYjczMC1lY2FhLTExZTYtOGY4OC0zNDM2M2JjN2M0YzAiOnsiY3JlYXRlIjoxODAwMDAwMDAwMDAsImRlbGV0ZSI6MTgwMDAwMDAwMDAwLCJ1cGRhdGUiOjE4MDAwMDAwMDAwMH19",
          "dependencies": [
            "yandex_vpc_network.test_network"
          ]
        }
      ]
    },
    {
      "mode": "managed",
      "type": "yandex_vpc_subnet",
      "name": "subnet_a",
      "provider": "provider[\"registry.terraform.io/yandex-cloud/yandex\"]",
      "instances": [
        {
          "schema_version": 0,
          "attributes": {
            "created_at": "2025-08-13T10:14:29Z",
            "description": "",
            "dhcp_options": [],
            "folder_id": "b1grgkmbs0m2tagbe8lg",
            "id": "e9bvqrsvuur70avbho6t",
            "labels": {},
            "name": "subnet-a",
            "network_id": "enpv1ltrf4si7ncbgcpp",
            "route_table_id": "enp1pobr28mve5ssfqs6",
            "timeouts": null,
            "v4_cidr_blocks": [
              "10.1.0.0/24"
            ],
            "v6_cidr_blocks": [],
            "zone": "ru-central1-a"
          },
          "sensitive_attributes": [],
          "identity_schema_version": 0,
          "private": "eyJlMmJmYjczMC1lY2FhLTExZTYtOGY4OC0zNDM2M2JjN2M0YzAiOnsiY3JlYXRlIjoxODAwMDAwMDAwMDAsImRlbGV0ZSI6MTgwMDAwMDAwMDAwLCJ1cGRhdGUiOjE4MDAwMDAwMDAwMH19",
          "dependencies": [
            "yandex_vpc_gateway.nat_gateway",
            "yandex_vpc_network.test_network",
            "yandex_vpc_route_table.rt"
          ]
        }
      ]
    },
    {
      "mode": "managed",
      "type": "yandex_vpc_subnet",
      "name": "subnet_b",
      "provider": "provider[\"registry.terraform.io/yandex-cloud/yandex\"]",
      "instances": [
        {
          "schema_version": 0,
          "attributes": {
            "created_at": "2025-08-13T10:14:30Z",
            "description": "",
            "dhcp_options": [],
            "folder_id": "b1grgkmbs0m2tagbe8lg",
            "id": "e2ld5esm54m3jcegob5l",
            "labels": {},
            "name": "subnet-b",
            "network_id": "enpv1ltrf4si7ncbgcpp",
            "route_table_id": "enp1pobr28mve5ssfqs6",
            "timeouts": null,
            "v4_cidr_blocks": [
              "10.2.0.0/24"
            ],
            "v6_cidr_blocks": [],
            "zone": "ru-central1-b"
          },
          "sensitive_attributes": [],
          "identity_schema_version": 0,
          "private": "eyJlMmJmYjczMC1lY2FhLTExZTYtOGY4OC0zNDM2M2JjN2M0YzAiOnsiY3JlYXRlIjoxODAwMDAwMDAwMDAsImRlbGV0ZSI6MTgwMDAwMDAwMDAwLCJ1cGRhdGUiOjE4MDAwMDAwMDAwMH19",
          "dependencies": [
            "yandex_vpc_gateway.nat_gateway",
            "yandex_vpc_network.test_network",
            "yandex_vpc_route_table.rt"
          ]
        }
      ]
    }
  ],
  "check_results": null
}
